
Microsoft Visual Studio Solution File, Format Version 12.00
# Visual Studio Version 16
VisualStudioVersion = 16.0.30621.155
MinimumVisualStudioVersion = 10.0.40219.1
Project("{FAE04EC0-301F-11D3-BF4B-00C04F79EFBC}") = "TicketSwapAPI", "TicketSwapAPI\TicketSwapAPI.csproj", "{2F134E6D-F5C7-48EF-82E1-A0BE2B88DCD7}"
EndProject
Global
	GlobalSection(SolutionConfigurationPlatforms) = preSolution
		Debug|Any CPU = Debug|Any CPU
		Release|Any CPU = Release|Any CPU
	EndGlobalSection
	GlobalSection(ProjectConfigurationPlatforms) = postSolution
		{2F134E6D-F5C7-48EF-82E1-A0BE2B88DCD7}.Debug|Any CPU.ActiveCfg = Debug|Any CPU
		{2F134E6D-F5C7-48EF-82E1-A0BE2B88DCD7}.Debug|Any CPU.Build.0 = Debug|Any CPU
		{2F134E6D-F5C7-48EF-82E1-A0BE2B88DCD7}.Release|Any CPU.ActiveCfg = Release|Any CPU
		{2F134E6D-F5C7-48EF-82E1-A0BE2B88DCD7}.Release|Any CPU.Build.0 = Release|Any CPU
	EndGlobalSection
	GlobalSection(SolutionProperties) = preSolution
		HideSolutionNode = FALSE
	EndGlobalSection
	GlobalSection(ExtensibilityGlobals) = postSolution
		SolutionGuid = {45B48305-A285-4651-8EA9-4D4F52E160DA}
	EndGlobalSection
EndGlobal
